// !$*UTF8*$!
{
	archiveVersion = 1;
	classes = {
	};
	objectVersion = 50;
	objects = {

/* Begin PBXBuildFile section */
		6C47CA2C2184F23800CF4550 /* AppDelegate.swift in Sources */ = {isa = PBXBuildFile; fileRef = 6C47CA2B2184F23800CF4550 /* AppDelegate.swift */; };
		6C47CA2E2184F23800CF4550 /* ViewController.swift in Sources */ = {isa = PBXBuildFile; fileRef = 6C47CA2D2184F23800CF4550 /* ViewController.swift */; };
		6C47CA312184F23800CF4550 /* Main.storyboard in Resources */ = {isa = PBXBuildFile; fileRef = 6C47CA2F2184F23800CF4550 /* Main.storyboard */; };
		6C47CA332184F23A00CF4550 /* Assets.xcassets in Resources */ = {isa = PBXBuildFile; fileRef = 6C47CA322184F23A00CF4550 /* Assets.xcassets */; };
		6C47CA362184F23A00CF4550 /* LaunchScreen.storyboard in Resources */ = {isa = PBXBuildFile; fileRef = 6C47CA342184F23A00CF4550 /* LaunchScreen.storyboard */; };
		6C47CA412184F23A00CF4550 /* FlashcardsTests.swift in Sources */ = {isa = PBXBuildFile; fileRef = 6C47CA402184F23A00CF4550 /* FlashcardsTests.swift */; };
		6C47CA4C2184F23A00CF4550 /* FlashcardsUITests.swift in Sources */ = {isa = PBXBuildFile; fileRef = 6C47CA4B2184F23A00CF4550 /* FlashcardsUITests.swift */; };
/* End PBXBuildFile section */

/* Begin PBXContainerItemProxy section */
		6C47CA3D2184F23A00CF4550 /* PBXContainerItemProxy */ = {
			isa = PBXContainerItemProxy;
			containerPortal = 6C47CA202184F23800CF4550 /* Project object */;
			proxyType = 1;
			remoteGlobalIDString = 6C47CA272184F23800CF4550;
			remoteInfo = Flashcards;
		};
		6C47CA482184F23A00CF4550 /* PBXContainerItemProxy */ = {
			isa = PBXContainerItemProxy;
			containerPortal = 6C47CA202184F23800CF4550 /* Project object */;
			proxyType = 1;
			remoteGlobalIDString = 6C47CA272184F23800CF4550;
			remoteInfo = Flashcards;
		};
/* End PBXContainerItemProxy section */

/* Begin PBXFileReference section */
		6C47CA282184F23800CF4550 /* Flashcards.app */ = {isa = PBXFileReference; explicitFileType = wrapper.application; includeInIndex = 0; path = Flashcards.app; sourceTree = BUILT_PRODUCTS_DIR; };
		6C47CA2B2184F23800CF4550 /* AppDelegate.swift */ = {isa = PBXFileReference; lastKnownFileType = sourcecode.swift; path = AppDelegate.swift; sourceTree = "<group>"; };
		6C47CA2D2184F23800CF4550 /* ViewController.swift */ = {isa = PBXFileReference; lastKnownFileType = sourcecode.swift; path = ViewController.swift; sourceTree = "<group>"; };
		6C47CA302184F23800CF4550 /* Base */ = {isa = PBXFileReference; lastKnownFileType = file.storyboard; name = Base; path = Base.lproj/Main.storyboard; sourceTree = "<group>"; };
		6C47CA322184F23A00CF4550 /* Assets.xcassets */ = {isa = PBXFileReference; lastKnownFileType = folder.assetcatalog; path = Assets.xcassets; sourceTree = "<group>"; };
		6C47CA352184F23A00CF4550 /* Base */ = {isa = PBXFileReference; lastKnownFileType = file.storyboard; name = Base; path = Base.lproj/LaunchScreen.storyboard; sourceTree = "<group>"; };
		6C47CA372184F23A00CF4550 /* Info.plist */ = {isa = PBXFileReference; lastKnownFileType = text.plist.xml; path = Info.plist; sourceTree = "<group>"; };
		6C47CA3C2184F23A00CF4550 /* FlashcardsTests.xctest */ = {isa = PBXFileReference; explicitFileType = wrapper.cfbundle; includeInIndex = 0; path = FlashcardsTests.xctest; sourceTree = BUILT_PRODUCTS_DIR; };
		6C47CA402184F23A00CF4550 /* FlashcardsTests.swift */ = {isa = PBXFileReference; lastKnownFileType = sourcecode.swift; path = FlashcardsTests.swift; sourceTree = "<group>"; };
		6C47CA422184F23A00CF4550 /* Info.plist */ = {isa = PBXFileReference; lastKnownFileType = text.plist.xml; path = Info.plist; sourceTree = "<group>"; };
		6C47CA472184F23A00CF4550 /* FlashcardsUITests.xctest */ = {isa = PBXFileReference; explicitFileType = wrapper.cfbundle; includeInIndex = 0; path = FlashcardsUITests.xctest; sourceTree = BUILT_PRODUCTS_DIR; };
		6C47CA4B2184F23A00CF4550 /* FlashcardsUITests.swift */ = {isa = PBXFileReference; lastKnownFileType = sourcecode.swift; path = FlashcardsUITests.swift; sourceTree = "<group>"; };
		6C47CA4D2184F23A00CF4550 /* Info.plist */ = {isa = PBXFileReference; lastKnownFileType = text.plist.xml; path = Info.plist; sourceTree = "<group>"; };
/* End PBXFileReference section */

/* Begin PBXFrameworksBuildPhase section */
		6C47CA252184F23800CF4550 /* Frameworks */ = {
			isa = PBXFrameworksBuildPhase;
			buildActionMask = 2147483647;
			files = (
			);
			runOnlyForDeploymentPostprocessing = 0;
		};
		6C47CA392184F23A00CF4550 /* Frameworks */ = {
			isa = PBXFrameworksBuildPhase;
			buildActionMask = 2147483647;
			files = (
			);
			runOnlyForDeploymentPostprocessing = 0;
		};
		6C47CA442184F23A00CF4550 /* Frameworks */ = {
			isa = PBXFrameworksBuildPhase;
			buildActionMask = 2147483647;
			files = (
			);
			runOnlyForDeploymentPostprocessing = 0;
		};
/* End PBXFrameworksBuildPhase section */

/* Begin PBXGroup section */
		6C47CA1F2184F23800CF4550 = {
			isa = PBXGroup;
			children = (
				6C47CA2A2184F23800CF4550 /* Flashcards */,
				6C47CA3F2184F23A00CF4550 /* FlashcardsTests */,
				6C47CA4A2184F23A00CF4550 /* FlashcardsUITests */,
				6C47CA292184F23800CF4550 /* Products */,
			);
			sourceTree = "<group>";
		};
		6C47CA292184F23800CF4550 /* Products */ = {
			isa = PBXGroup;
			children = (
				6C47CA282184F23800CF4550 /* Flashcards.app */,
				6C47CA3C2184F23A00CF4550 /* FlashcardsTests.xctest */,
				6C47CA472184F23A00CF4550 /* FlashcardsUITests.xctest */,
			);
			name = Products;
			sourceTree = "<group>";
		};
		6C47CA2A2184F23800CF4550 /* Flashcards */ = {
			isa = PBXGroup;
			children = (
				6C47CA2B2184F23800CF4550 /* AppDelegate.swift */,
				6C47CA2D2184F23800CF4550 /* ViewController.swift */,
				6C47CA2F2184F23800CF4550 /* Main.storyboard */,
				6C47CA322184F23A00CF4550 /* Assets.xcassets */,
				6C47CA342184F23A00CF4550 /* LaunchScreen.storyboard */,
				6C47CA372184F23A00CF4550 /* Info.plist */,
			);
			path = Flashcards;
			sourceTree = "<group>";
		};
		6C47CA3F2184F23A00CF4550 /* FlashcardsTests */ = {
			isa = PBXGroup;
			children = (
				6C47CA402184F23A00CF4550 /* FlashcardsTests.swift */,
				6C47CA422184F23A00CF4550 /* Info.plist */,
			);
			path = FlashcardsTests;
			sourceTree = "<group>";
		};
		6C47CA4A2184F23A00CF4550 /* FlashcardsUITests */ = {
			isa = PBXGroup;
			children = (
				6C47CA4B2184F23A00CF4550 /* FlashcardsUITests.swift */,
				6C47CA4D2184F23A00CF4550 /* Info.plist */,
			);
			path = FlashcardsUITests;
			sourceTree = "<group>";
		};
/* End PBXGroup section */

/* Begin PBXNativeTarget section */
		6C47CA272184F23800CF4550 /* Flashcards */ = {
			isa = PBXNativeTarget;
			buildConfigurationList = 6C47CA502184F23A00CF4550 /* Build configuration list for PBXNativeTarget "Flashcards" */;
			buildPhases = (
				6C47CA242184F23800CF4550 /* Sources */,
				6C47CA252184F23800CF4550 /* Frameworks */,
				6C47CA262184F23800CF4550 /* Resources */,
			);
			buildRules = (
			);
			dependencies = (
			);
			name = Flashcards;
			productName = Flashcards;
			productReference = 6C47CA282184F23800CF4550 /* Flashcards.app */;
			productType = "com.apple.product-type.application";
		};
		6C47CA3B2184F23A00CF4550 /* FlashcardsTests */ = {
			isa = PBXNativeTarget;
			buildConfigurationList = 6C47CA532184F23A00CF4550 /* Build configuration list for PBXNativeTarget "FlashcardsTests" */;
			buildPhases = (
				6C47CA382184F23A00CF4550 /* Sources */,
				6C47CA392184F23A00CF4550 /* Frameworks */,
				6C47CA3A2184F23A00CF4550 /* Resources */,
			);
			buildRules = (
			);
			dependencies = (
				6C47CA3E2184F23A00CF4550 /* PBXTargetDependency */,
			);
			name = FlashcardsTests;
			productName = FlashcardsTests;
			productReference = 6C47CA3C2184F23A00CF4550 /* FlashcardsTests.xctest */;
			productType = "com.apple.product-type.bundle.unit-test";
		};
		6C47CA462184F23A00CF4550 /* FlashcardsUITests */ = {
			isa = PBXNativeTarget;
			buildConfigurationList = 6C47CA562184F23A00CF4550 /* Build configuration list for PBXNativeTarget "FlashcardsUITests" */;
			buildPhases = (
				6C47CA432184F23A00CF4550 /* Sources */,
				6C47CA442184F23A00CF4550 /* Frameworks */,
				6C47CA452184F23A00CF4550 /* Resources */,
			);
			buildRules = (
			);
			dependencies = (
				6C47CA492184F23A00CF4550 /* PBXTargetDependency */,
			);
			name = FlashcardsUITests;
			productName = FlashcardsUITests;
			productReference = 6C47CA472184F23A00CF4550 /* FlashcardsUITests.xctest */;
			productType = "com.apple.product-type.bundle.ui-testing";
		};
/* End PBXNativeTarget section */

/* Begin PBXProject section */
		6C47CA202184F23800CF4550 /* Project object */ = {
			isa = PBXProject;
			attributes = {
				LastSwiftUpdateCheck = 0940;
				LastUpgradeCheck = 0940;
				ORGANIZATIONNAME = "Adelia Manuel";
				TargetAttributes = {
					6C47CA272184F23800CF4550 = {
						CreatedOnToolsVersion = 9.4.1;
					};
					6C47CA3B2184F23A00CF4550 = {
						CreatedOnToolsVersion = 9.4.1;
						TestTargetID = 6C47CA272184F23800CF4550;
					};
					6C47CA462184F23A00CF4550 = {
						CreatedOnToolsVersion = 9.4.1;
						TestTargetID = 6C47CA272184F23800CF4550;
					};
				};
			};
			buildConfigurationList = 6C47CA232184F23800CF4550 /* Build configuration list for PBXProject "Flashcards" */;
			compatibilityVersion = "Xcode 9.3";
			developmentRegion = en;
			hasScannedForEncodings = 0;
			knownRegions = (
				en,
				Base,
			);
			mainGroup = 6C47CA1F2184F23800CF4550;
			productRefGroup = 6C47CA292184F23800CF4550 /* Products */;
			projectDirPath = "";
			projectRoot = "";
			targets = (
				6C47CA272184F23800CF4550 /* Flashcards */,
				6C47CA3B2184F23A00CF4550 /* FlashcardsTests */,
				6C47CA462184F23A00CF4550 /* FlashcardsUITests */,
			);
		};
/* End PBXProject section */

/* Begin PBXResourcesBuildPhase section */
		6C47CA262184F23800CF4550 /* Resources */ = {
			isa = PBXResourcesBuildPhase;
			buildActionMask = 2147483647;
			files = (
				6C47CA362184F23A00CF4550 /* LaunchScreen.storyboard in Resources */,
				6C47CA332184F23A00CF4550 /* Assets.xcassets in Resources */,
				6C47CA312184F23800CF4550 /* Main.storyboard in Resources */,
			);
			runOnlyForDeploymentPostprocessing = 0;
		};
		6C47CA3A2184F23A00CF4550 /* Resources */ = {
			isa = PBXResourcesBuildPhase;
			buildActionMask = 2147483647;
			files = (
			);
			runOnlyForDeploymentPostprocessing = 0;
		};
		6C47CA452184F23A00CF4550 /* Resources */ = {
			isa = PBXResourcesBuildPhase;
			buildActionMask = 2147483647;
			files = (
			);
			runOnlyForDeploymentPostprocessing = 0;
		};
/* End PBXResourcesBuildPhase section */

/* Begin PBXSourcesBuildPhase section */
		6C47CA242184F23800CF4550 /* Sources */ = {
			isa = PBXSourcesBuildPhase;
			buildActionMask = 2147483647;
			files = (
				6C47CA2E2184F23800CF4550 /* ViewController.swift in Sources */,
				6C47CA2C2184F23800CF4550 /* AppDelegate.swift in Sources */,
			);
			runOnlyForDeploymentPostprocessing = 0;
		};
		6C47CA382184F23A00CF4550 /* Sources */ = {
			isa = PBXSourcesBuildPhase;
			buildActionMask = 2147483647;
			files = (
				6C47CA412184F23A00CF4550 /* FlashcardsTests.swift in Sources */,
			);
			runOnlyForDeploymentPostprocessing = 0;
		};
		6C47CA432184F23A00CF4550 /* Sources */ = {
			isa = PBXSourcesBuildPhase;
			buildActionMask = 2147483647;
			files = (
				6C47CA4C2184F23A00CF4550 /* FlashcardsUITests.swift in Sources */,
			);
			runOnlyForDeploymentPostprocessing = 0;
		};
/* End PBXSourcesBuildPhase section */

/* Begin PBXTargetDependency section */
		6C47CA3E2184F23A00CF4550 /* PBXTargetDependency */ = {
			isa = PBXTargetDependency;
			target = 6C47CA272184F23800CF4550 /* Flashcards */;
			targetProxy = 6C47CA3D2184F23A00CF4550 /* PBXContainerItemProxy */;
		};
		6C47CA492184F23A00CF4550 /* PBXTargetDependency */ = {
			isa = PBXTargetDependency;
			target = 6C47CA272184F23800CF4550 /* Flashcards */;
			targetProxy = 6C47CA482184F23A00CF4550 /* PBXContainerItemProxy */;
		};
/* End PBXTargetDependency section */

/* Begin PBXVariantGroup section */
		6C47CA2F2184F23800CF4550 /* Main.storyboard */ = {
			isa = PBXVariantGroup;
			children = (
				6C47CA302184F23800CF4550 /* Base */,
			);
			name = Main.storyboard;
			sourceTree = "<group>";
		};
		6C47CA342184F23A00CF4550 /* LaunchScreen.storyboard */ = {
			isa = PBXVariantGroup;
			children = (
				6C47CA352184F23A00CF4550 /* Base */,
			);
			name = LaunchScreen.storyboard;
			sourceTree = "<group>";
		};
/* End PBXVariantGroup section */

/* Begin XCBuildConfiguration section */
		6C47CA4E2184F23A00CF4550 /* Debug */ = {
			isa = XCBuildConfiguration;
			buildSettings = {
				ALWAYS_SEARCH_USER_PATHS = NO;
				CLANG_ANALYZER_NONNULL = YES;
				CLANG_ANALYZER_NUMBER_OBJECT_CONVERSION = YES_AGGRESSIVE;
				CLANG_CXX_LANGUAGE_STANDARD = "gnu++14";
				CLANG_CXX_LIBRARY = "libc++";
				CLANG_ENABLE_MODULES = YES;
				CLANG_ENABLE_OBJC_ARC = YES;
				CLANG_ENABLE_OBJC_WEAK = YES;
				CLANG_WARN_BLOCK_CAPTURE_AUTORELEASING = YES;
				CLANG_WARN_BOOL_CONVERSION = YES;
				CLANG_WARN_COMMA = YES;
				CLANG_WARN_CONSTANT_CONVERSION = YES;
				CLANG_WARN_DEPRECATED_OBJC_IMPLEMENTATIONS = YES;
				CLANG_WARN_DIRECT_OBJC_ISA_USAGE = YES_ERROR;
				CLANG_WARN_DOCUMENTATION_COMMENTS = YES;
				CLANG_WARN_EMPTY_BODY = YES;
				CLANG_WARN_ENUM_CONVERSION = YES;
				CLANG_WARN_INFINITE_RECURSION = YES;
				CLANG_WARN_INT_CONVERSION = YES;
				CLANG_WARN_NON_LITERAL_NULL_CONVERSION = YES;
				CLANG_WARN_OBJC_IMPLICIT_RETAIN_SELF = YES;
				CLANG_WARN_OBJC_LITERAL_CONVERSION = YES;
				CLANG_WARN_OBJC_ROOT_CLASS = YES_ERROR;
				CLANG_WARN_RANGE_LOOP_ANALYSIS = YES;
				CLANG_WARN_STRICT_PROTOTYPES = YES;
				CLANG_WARN_SUSPICIOUS_MOVE = YES;
				CLANG_WARN_UNGUARDED_AVAILABILITY = YES_AGGRESSIVE;
				CLANG_WARN_UNREACHABLE_CODE = YES;
				CLANG_WARN__DUPLICATE_METHOD_MATCH = YES;
				CODE_SIGN_IDENTITY = "iPhone Developer";
				COPY_PHASE_STRIP = NO;
				DEBUG_INFORMATION_FORMAT = dwarf;
				ENABLE_STRICT_OBJC_MSGSEND = YES;
				ENABLE_TESTABILITY = YES;
				GCC_C_LANGUAGE_STANDARD = gnu11;
				GCC_DYNAMIC_NO_PIC = NO;
				GCC_NO_COMMON_BLOCKS = YES;
				GCC_OPTIMIZATION_LEVEL = 0;
				GCC_PREPROCESSOR_DEFINITIONS = (
					"DEBUG=1",
					"$(inherited)",
				);
				GCC_WARN_64_TO_32_BIT_CONVERSION = YES;
				GCC_WARN_ABOUT_RETURN_TYPE = YES_ERROR;
				GCC_WARN_UNDECLARED_SELECTOR = YES;
				GCC_WARN_UNINITIALIZED_AUTOS = YES_AGGRESSIVE;
				GCC_WARN_UNUSED_FUNCTION = YES;
				GCC_WARN_UNUSED_VARIABLE = YES;
				IPHONEOS_DEPLOYMENT_TARGET = 11.4;
				MTL_ENABLE_DEBUG_INFO = YES;
				ONLY_ACTIVE_ARCH = YES;
				SDKROOT = iphoneos;
				SWIFT_ACTIVE_COMPILATION_CONDITIONS = DEBUG;
				SWIFT_OPTIMIZATION_LEVEL = "-Onone";
			};
			name = Debug;
		};
		6C47CA4F2184F23A00CF4550 /* Release */ = {
			isa = XCBuildConfiguration;
			buildSettings = {
				ALWAYS_SEARCH_USER_PATHS = NO;
				CLANG_ANALYZER_NONNULL = YES;
				CLANG_ANALYZER_NUMBER_OBJECT_CONVERSION = YES_AGGRESSIVE;
				CLANG_CXX_LANGUAGE_STANDARD = "gnu++14";
				CLANG_CXX_LIBRARY = "libc++";
				CLANG_ENABLE_MODULES = YES;
				CLANG_ENABLE_OBJC_ARC = YES;
				CLANG_ENABLE_OBJC_WEAK = YES;
				CLANG_WARN_BLOCK_CAPTURE_AUTORELEASING = YES;
				CLANG_WARN_BOOL_CONVERSION = YES;
				CLANG_WARN_COMMA = YES;
				CLANG_WARN_CONSTANT_CONVERSION = YES;
				CLANG_WARN_DEPRECATED_OBJC_IMPLEMENTATIONS = YES;
				CLANG_WARN_DIRECT_OBJC_ISA_USAGE = YES_ERROR;
				CLANG_WARN_DOCUMENTATION_COMMENTS = YES;
				CLANG_WARN_EMPTY_BODY = YES;
				CLANG_WARN_ENUM_CONVERSION = YES;
				CLANG_WARN_INFINITE_RECURSION = YES;
				CLANG_WARN_INT_CONVERSION = YES;
				CLANG_WARN_NON_LITERAL_NULL_CONVERSION = YES;
				CLANG_WARN_OBJC_IMPLICIT_RETAIN_SELF = YES;
				CLANG_WARN_OBJC_LITERAL_CONVERSION = YES;
				CLANG_WARN_OBJC_ROOT_CLASS = YES_ERROR;
				CLANG_WARN_RANGE_LOOP_ANALYSIS = YES;
				CLANG_WARN_STRICT_PROTOTYPES = YES;
				CLANG_WARN_SUSPICIOUS_MOVE = YES;
				CLANG_WARN_UNGUARDED_AVAILABILITY = YES_AGGRESSIVE;
				CLANG_WARN_UNREACHABLE_CODE = YES;
				CLANG_WARN__DUPLICATE_METHOD_MATCH = YES;
				CODE_SIGN_IDENTITY = "iPhone Developer";
				COPY_PHASE_STRIP = NO;
				DEBUG_INFORMATION_FORMAT = "dwarf-with-dsym";
				ENABLE_NS_ASSERTIONS = NO;
				ENABLE_STRICT_OBJC_MSGSEND = YES;
				GCC_C_LANGUAGE_STANDARD = gnu11;
				GCC_NO_COMMON_BLOCKS = YES;
				GCC_WARN_64_TO_32_BIT_CONVERSION = YES;
				GCC_WARN_ABOUT_RETURN_TYPE = YES_ERROR;
				GCC_WARN_UNDECLARED_SELECTOR = YES;
				GCC_WARN_UNINITIALIZED_AUTOS = YES_AGGRESSIVE;
				GCC_WARN_UNUSED_FUNCTION = YES;
				GCC_WARN_UNUSED_VARIABLE = YES;
				IPHONEOS_DEPLOYMENT_TARGET = 11.4;
				MTL_ENABLE_DEBUG_INFO = NO;
				SDKROOT = iphoneos;
				SWIFT_COMPILATION_MODE = wholemodule;
				SWIFT_OPTIMIZATION_LEVEL = "-O";
				VALIDATE_PRODUCT = YES;
			};
			name = Release;
		};
		6C47CA512184F23A00CF4550 /* Debug */ = {
			isa = XCBuildConfiguration;
			buildSettings = {
				ASSETCATALOG_COMPILER_APPICON_NAME = AppIcon;
				CODE_SIGN_STYLE = Automatic;
				INFOPLIST_FILE = Flashcards/Info.plist;
				LD_RUNPATH_SEARCH_PATHS = (
					"$(inherited)",
					"@executable_path/Frameworks",
				);
				PRODUCT_BUNDLE_IDENTIFIER = com.adeliamanuel.Flashcards;
				PRODUCT_NAME = "$(TARGET_NAME)";
				SWIFT_VERSION = 4.0;
				TARGETED_DEVICE_FAMILY = "1,2";
			};
			name = Debug;
		};
		6C47CA522184F23A00CF4550 /* Release */ = {
			isa = XCBuildConfiguration;
			buildSettings = {
				ASSETCATALOG_COMPILER_APPICON_NAME = AppIcon;
				CODE_SIGN_STYLE = Automatic;
				INFOPLIST_FILE = Flashcards/Info.plist;
				LD_RUNPATH_SEARCH_PATHS = (
					"$(inherited)",
					"@executable_path/Frameworks",
				);
				PRODUCT_BUNDLE_IDENTIFIER = com.adeliamanuel.Flashcards;
				PRODUCT_NAME = "$(TARGET_NAME)";
				SWIFT_VERSION = 4.0;
				TARGETED_DEVICE_FAMILY = "1,2";
			};
			name = Release;
		};
		6C47CA542184F23A00CF4550 /* Debug */ = {
			isa = XCBuildConfiguration;
			buildSettings = {
				ALWAYS_EMBED_SWIFT_STANDARD_LIBRARIES = YES;
				BUNDLE_LOADER = "$(TEST_HOST)";
				CODE_SIGN_STYLE = Automatic;
				INFOPLIST_FILE = FlashcardsTests/Info.plist;
				LD_RUNPATH_SEARCH_PATHS = (
					"$(inherited)",
					"@executable_path/Frameworks",
					"@loader_path/Frameworks",
				);
				PRODUCT_BUNDLE_IDENTIFIER = com.adeliamanuel.FlashcardsTests;
				PRODUCT_NAME = "$(TARGET_NAME)";
				SWIFT_VERSION = 4.0;
				TARGETED_DEVICE_FAMILY = "1,2";
				TEST_HOST = "$(BUILT_PRODUCTS_DIR)/Flashcards.app/Flashcards";
			};
			name = Debug;
		};
		6C47CA552184F23A00CF4550 /* Release */ = {
			isa = XCBuildConfiguration;
			buildSettings = {
				ALWAYS_EMBED_SWIFT_STANDARD_LIBRARIES = YES;
				BUNDLE_LOADER = "$(TEST_HOST)";
				CODE_SIGN_STYLE = Automatic;
				INFOPLIST_FILE = FlashcardsTests/Info.plist;
				LD_RUNPATH_SEARCH_PATHS = (
					"$(inherited)",
					"@executable_path/Frameworks",
					"@loader_path/Frameworks",
				);
				PRODUCT_BUNDLE_IDENTIFIER = com.adeliamanuel.FlashcardsTests;
				PRODUCT_NAME = "$(TARGET_NAME)";
				SWIFT_VERSION = 4.0;
				TARGETED_DEVICE_FAMILY = "1,2";
				TEST_HOST = "$(BUILT_PRODUCTS_DIR)/Flashcards.app/Flashcards";
			};
			name = Release;
		};
		6C47CA572184F23A00CF4550 /* Debug */ = {
			isa = XCBuildConfiguration;
			buildSettings = {
				ALWAYS_EMBED_SWIFT_STANDARD_LIBRARIES = YES;
				CODE_SIGN_STYLE = Automatic;
				INFOPLIST_FILE = FlashcardsUITests/Info.plist;
				LD_RUNPATH_SEARCH_PATHS = (
					"$(inherited)",
					"@executable_path/Frameworks",
					"@loader_path/Frameworks",
				);
				PRODUCT_BUNDLE_IDENTIFIER = com.adeliamanuel.FlashcardsUITests;
				PRODUCT_NAME = "$(TARGET_NAME)";
				SWIFT_VERSION = 4.0;
				TARGETED_DEVICE_FAMILY = "1,2";
				TEST_TARGET_NAME = Flashcards;
			};
			name = Debug;
		};
		6C47CA582184F23A00CF4550 /* Release */ = {
			isa = XCBuildConfiguration;
			buildSettings = {
				ALWAYS_EMBED_SWIFT_STANDARD_LIBRARIES = YES;
				CODE_SIGN_STYLE = Automatic;
				INFOPLIST_FILE = FlashcardsUITests/Info.plist;
				LD_RUNPATH_SEARCH_PATHS = (
					"$(inherited)",
					"@executable_path/Frameworks",
					"@loader_path/Frameworks",
				);
				PRODUCT_BUNDLE_IDENTIFIER = com.adeliamanuel.FlashcardsUITests;
				PRODUCT_NAME = "$(TARGET_NAME)";
				SWIFT_VERSION = 4.0;
				TARGETED_DEVICE_FAMILY = "1,2";
				TEST_TARGET_NAME = Flashcards;
			};
			name = Release;
		};
/* End XCBuildConfiguration section */

/* Begin XCConfigurationList section */
		6C47CA232184F23800CF4550 /* Build configuration list for PBXProject "Flashcards" */ = {
			isa = XCConfigurationList;
			buildConfigurations = (
				6C47CA4E2184F23A00CF4550 /* Debug */,
				6C47CA4F2184F23A00CF4550 /* Release */,
			);
			defaultConfigurationIsVisible = 0;
			defaultConfigurationName = Release;
		};
		6C47CA502184F23A00CF4550 /* Build configuration list for PBXNativeTarget "Flashcards" */ = {
			isa = XCConfigurationList;
			buildConfigurations = (
				6C47CA512184F23A00CF4550 /* Debug */,
				6C47CA522184F23A00CF4550 /* Release */,
			);
			defaultConfigurationIsVisible = 0;
			defaultConfigurationName = Release;
		};
		6C47CA532184F23A00CF4550 /* Build configuration list for PBXNativeTarget "FlashcardsTests" */ = {
			isa = XCConfigurationList;
			buildConfigurations = (
				6C47CA542184F23A00CF4550 /* Debug */,
				6C47CA552184F23A00CF4550 /* Release */,
			);
			defaultConfigurationIsVisible = 0;
			defaultConfigurationName = Release;
		};
		6C47CA562184F23A00CF4550 /* Build configuration list for PBXNativeTarget "FlashcardsUITests" */ = {
			isa = XCConfigurationList;
			buildConfigurations = (
				6C47CA572184F23A00CF4550 /* Debug */,
				6C47CA582184F23A00CF4550 /* Release */,
			);
			defaultConfigurationIsVisible = 0;
			defaultConfigurationName = Release;
		};
/* End XCConfigurationList section */
	};
	rootObject = 6C47CA202184F23800CF4550 /* Project object */;
}
